
Microsoft Visual Studio Solution File, Format Version 10.00
# Visual Studio 2008
Project("{8BC9CEB8-8B4A-11D0-8D11-00A0C91BC942}") = "account-2006-03-07-usa", "account-2006-03-07-usa\account-2006-03-07-usa.vs2008.vcproj", "{E9F2242B-5C78-4513-9B46-67AFF0B2E2FE}"
	ProjectSection(ProjectDependencies) = postProject
		{C6A5B15C-293C-40CC-9FAE-C3A7A657E12C} = {C6A5B15C-293C-40CC-9FAE-C3A7A657E12C}
	EndProjectSection
EndProject
Project("{8BC9CEB8-8B4A-11D0-8D11-00A0C91BC942}") = "character-2007-04-27-brazil", "character-2007-04-27-brazil\character-2007-04-27-brazil.vs2008.vcproj", "{67DD1D2E-5398-4573-AB87-20C8D8391BE3}"
	ProjectSection(ProjectDependencies) = postProject
		{C6A5B15C-293C-40CC-9FAE-C3A7A657E12C} = {C6A5B15C-293C-40CC-9FAE-C3A7A657E12C}
	EndProjectSection
EndProject
Project("{8BC9CEB8-8B4A-11D0-8D11-00A0C91BC942}") = "inter-2009-10-15-china", "inter-2009-10-15-china\inter-2009-10-15-china.vs2008.vcproj", "{897C266E-6AD0-4C63-9428-7A5E827B6C97}"
	ProjectSection(ProjectDependencies) = postProject
		{6B33E82A-4299-4F3C-A660-E9FFCA311FED} = {6B33E82A-4299-4F3C-A660-E9FFCA311FED}
		{C6A5B15C-293C-40CC-9FAE-C3A7A657E12C} = {C6A5B15C-293C-40CC-9FAE-C3A7A657E12C}
		{3E69F9FB-B8AE-4202-97B5-E9E2A8C1C083} = {3E69F9FB-B8AE-4202-97B5-E9E2A8C1C083}
	EndProjectSection
EndProject
Project("{8BC9CEB8-8B4A-11D0-8D11-00A0C91BC942}") = "zone-2009-09-21-china", "zone-2009-09-21-china\zone-2009-09-21-china.vs2008.vcproj", "{75C3D717-9ADB-4FAD-93C1-DBD049B71A82}"
	ProjectSection(ProjectDependencies) = postProject
		{6B33E82A-4299-4F3C-A660-E9FFCA311FED} = {6B33E82A-4299-4F3C-A660-E9FFCA311FED}
		{89B2BD42-B130-4811-9043-71A8EBC40DE5} = {89B2BD42-B130-4811-9043-71A8EBC40DE5}
		{C6A5B15C-293C-40CC-9FAE-C3A7A657E12C} = {C6A5B15C-293C-40CC-9FAE-C3A7A657E12C}
		{3E69F9FB-B8AE-4202-97B5-E9E2A8C1C083} = {3E69F9FB-B8AE-4202-97B5-E9E2A8C1C083}
	EndProjectSection
EndProject
Project("{8BC9CEB8-8B4A-11D0-8D11-00A0C91BC942}") = "client-2004-03-09a-Sakexe-taiwan", "client-2004-03-09a-Sakexe-taiwan\client-2004-03-09a-Sakexe-taiwan.vs2008.vcproj", "{07377A84-AA65-446A-A83F-911EC0AB8C91}"
	ProjectSection(ProjectDependencies) = postProject
		{6B33E82A-4299-4F3C-A660-E9FFCA311FED} = {6B33E82A-4299-4F3C-A660-E9FFCA311FED}
		{C6A5B15C-293C-40CC-9FAE-C3A7A657E12C} = {C6A5B15C-293C-40CC-9FAE-C3A7A657E12C}
		{8FD826F8-3739-44E6-8CC8-997122E53B8D} = {8FD826F8-3739-44E6-8CC8-997122E53B8D}
		{3E69F9FB-B8AE-4202-97B5-E9E2A8C1C083} = {3E69F9FB-B8AE-4202-97B5-E9E2A8C1C083}
	EndProjectSection
EndProject
Project("{8BC9CEB8-8B4A-11D0-8D11-00A0C91BC942}") = "client-2010-06-22a-RagexeRE-korea", "client-2010-06-22a-RagexeRE-korea\client-2010-06-22a-RagexeRE-korea.vs2008.vcproj", "{07377A84-AA65-446A-A83F-911EC0AB8C92}"
	ProjectSection(ProjectDependencies) = postProject
		{6B33E82A-4299-4F3C-A660-E9FFCA311FED} = {6B33E82A-4299-4F3C-A660-E9FFCA311FED}
		{C6A5B15C-293C-40CC-9FAE-C3A7A657E12C} = {C6A5B15C-293C-40CC-9FAE-C3A7A657E12C}
		{8FD826F8-3739-44E6-8CC8-997122E53B8D} = {8FD826F8-3739-44E6-8CC8-997122E53B8D}
	EndProjectSection
EndProject
Project("{8BC9CEB8-8B4A-11D0-8D11-00A0C91BC942}") = "client-2012-02-07b-RagexeRE-korea", "client-2012-02-07b-RagexeRE-korea\client-2012-02-07b-RagexeRE-korea.vs2008.vcproj", "{07377A84-AA65-446A-A83F-911EC0AB8C93}"
	ProjectSection(ProjectDependencies) = postProject
		{6B33E82A-4299-4F3C-A660-E9FFCA311FED} = {6B33E82A-4299-4F3C-A660-E9FFCA311FED}
		{C6A5B15C-293C-40CC-9FAE-C3A7A657E12C} = {C6A5B15C-293C-40CC-9FAE-C3A7A657E12C}
		{8FD826F8-3739-44E6-8CC8-997122E53B8D} = {8FD826F8-3739-44E6-8CC8-997122E53B8D}
	EndProjectSection
EndProject
Project("{8BC9CEB8-8B4A-11D0-8D11-00A0C91BC942}") = "client-rfexe", "client-rfexe\client-rfexe.vcproj", "{9223677E-80C6-420E-B400-E720B43CCB78}"
	ProjectSection(ProjectDependencies) = postProject
		{6B33E82A-4299-4F3C-A660-E9FFCA311FED} = {6B33E82A-4299-4F3C-A660-E9FFCA311FED}
		{C6A5B15C-293C-40CC-9FAE-C3A7A657E12C} = {C6A5B15C-293C-40CC-9FAE-C3A7A657E12C}
	EndProjectSection
EndProject
Project("{8BC9CEB8-8B4A-11D0-8D11-00A0C91BC942}") = "patchclient-rfexe", "patchclient-rfexe\patchclient.vcproj", "{DB69119D-E32D-4FC7-9D68-8592DEC8DA32}"
	ProjectSection(ProjectDependencies) = postProject
		{3B75912A-6B33-4335-A38D-4BBEAC7780DA} = {3B75912A-6B33-4335-A38D-4BBEAC7780DA}
		{C6A5B15C-293C-40CC-9FAE-C3A7A657E12C} = {C6A5B15C-293C-40CC-9FAE-C3A7A657E12C}
		{90EEF3AA-A9D6-4C95-BD59-0E79CC4B28EC} = {90EEF3AA-A9D6-4C95-BD59-0E79CC4B28EC}
	EndProjectSection
EndProject
Project("{2150E333-8FDC-42A3-9474-1A3956D46DE8}") = "3rdparty", "3rdparty", "{1EAC9840-B96F-4375-9BD4-111F30272F31}"
EndProject
Project("{8BC9CEB8-8B4A-11D0-8D11-00A0C91BC942}") = "platform", "..\3rdparty\platform\platform.vcproj", "{C6A5B15C-293C-40CC-9FAE-C3A7A657E12C}"
EndProject
Project("{8BC9CEB8-8B4A-11D0-8D11-00A0C91BC942}") = "dia", "..\3rdparty\dia\dia.vcproj", "{3E69F9FB-B8AE-4202-97B5-E9E2A8C1C083}"
EndProject
Project("{8BC9CEB8-8B4A-11D0-8D11-00A0C91BC942}") = "detours", "..\3rdparty\detours\detours.vcproj", "{473EE8A0-4F58-45E6-946F-4FD11DA610D9}"
EndProject
Project("{8BC9CEB8-8B4A-11D0-8D11-00A0C91BC942}") = "libhook", "..\3rdparty\libhook\libhook.vcproj", "{6B33E82A-4299-4F3C-A660-E9FFCA311FED}"
	ProjectSection(ProjectDependencies) = postProject
		{473EE8A0-4F58-45E6-946F-4FD11DA610D9} = {473EE8A0-4F58-45E6-946F-4FD11DA610D9}
	EndProjectSection
EndProject
Project("{8BC9CEB8-8B4A-11D0-8D11-00A0C91BC942}") = "libgrf", "..\3rdparty\libgrf\libgrf.vcproj", "{3B75912A-6B33-4335-A38D-4BBEAC7780DA}"
	ProjectSection(ProjectDependencies) = postProject
		{C6A5B15C-293C-40CC-9FAE-C3A7A657E12C} = {C6A5B15C-293C-40CC-9FAE-C3A7A657E12C}
		{8FD826F8-3739-44E6-8CC8-997122E53B8D} = {8FD826F8-3739-44E6-8CC8-997122E53B8D}
	EndProjectSection
EndProject
Project("{8BC9CEB8-8B4A-11D0-8D11-00A0C91BC942}") = "libz", "..\3rdparty\zlib\zlib.vcproj", "{8FD826F8-3739-44E6-8CC8-997122E53B8D}"
EndProject
Project("{8BC9CEB8-8B4A-11D0-8D11-00A0C91BC942}") = "openssl", "..\3rdparty\openssl\openssl.vcproj", "{90EEF3AA-A9D6-4C95-BD59-0E79CC4B28EC}"
EndProject
Project("{8BC9CEB8-8B4A-11D0-8D11-00A0C91BC942}") = "stackwalker", "..\3rdparty\stackwalker\stackwalker.vcproj", "{89B2BD42-B130-4811-9043-71A8EBC40DE5}"
EndProject
Project("{8BC9CEB8-8B4A-11D0-8D11-00A0C91BC942}") = "account-2013-03-06-thai", "account-2013-03-06-thai\account-2013-03-06-thai.vs2008.vcproj", "{67A83633-21AE-4BD0-8821-1CE8872AB8D6}"
	ProjectSection(ProjectDependencies) = postProject
		{C6A5B15C-293C-40CC-9FAE-C3A7A657E12C} = {C6A5B15C-293C-40CC-9FAE-C3A7A657E12C}
	EndProjectSection
EndProject
Project("{8BC9CEB8-8B4A-11D0-8D11-00A0C91BC942}") = "inter-2013-03-04-thai", "inter-2013-03-04-thai\inter-2013-03-04-thai.vs2008.vcproj", "{E543A679-98D5-4FDE-BDD9-B026CD9A7745}"
	ProjectSection(ProjectDependencies) = postProject
		{6B33E82A-4299-4F3C-A660-E9FFCA311FED} = {6B33E82A-4299-4F3C-A660-E9FFCA311FED}
		{C6A5B15C-293C-40CC-9FAE-C3A7A657E12C} = {C6A5B15C-293C-40CC-9FAE-C3A7A657E12C}
		{502B8271-14F7-46A4-A909-7ED5A2912D82} = {502B8271-14F7-46A4-A909-7ED5A2912D82}
		{473EE8A0-4F58-45E6-946F-4FD11DA610D9} = {473EE8A0-4F58-45E6-946F-4FD11DA610D9}
	EndProjectSection
EndProject
Project("{8BC9CEB8-8B4A-11D0-8D11-00A0C91BC942}") = "lua", "..\3rdparty\lua\5.1.4\lua.vs2008.vcproj", "{502B8271-14F7-46A4-A909-7ED5A2912D82}"
EndProject
Global
	GlobalSection(SolutionConfigurationPlatforms) = preSolution
		Debug|Win32 = Debug|Win32
		Release|Win32 = Release|Win32
	EndGlobalSection
	GlobalSection(ProjectConfigurationPlatforms) = postSolution
		{E9F2242B-5C78-4513-9B46-67AFF0B2E2FE}.Debug|Win32.ActiveCfg = Debug|Win32
		{E9F2242B-5C78-4513-9B46-67AFF0B2E2FE}.Debug|Win32.Build.0 = Debug|Win32
		{E9F2242B-5C78-4513-9B46-67AFF0B2E2FE}.Release|Win32.ActiveCfg = Release|Win32
		{E9F2242B-5C78-4513-9B46-67AFF0B2E2FE}.Release|Win32.Build.0 = Release|Win32
		{67DD1D2E-5398-4573-AB87-20C8D8391BE3}.Debug|Win32.ActiveCfg = Debug|Win32
		{67DD1D2E-5398-4573-AB87-20C8D8391BE3}.Debug|Win32.Build.0 = Debug|Win32
		{67DD1D2E-5398-4573-AB87-20C8D8391BE3}.Release|Win32.ActiveCfg = Release|Win32
		{67DD1D2E-5398-4573-AB87-20C8D8391BE3}.Release|Win32.Build.0 = Release|Win32
		{897C266E-6AD0-4C63-9428-7A5E827B6C97}.Debug|Win32.ActiveCfg = Debug|Win32
		{897C266E-6AD0-4C63-9428-7A5E827B6C97}.Debug|Win32.Build.0 = Debug|Win32
		{897C266E-6AD0-4C63-9428-7A5E827B6C97}.Release|Win32.ActiveCfg = Release|Win32
		{897C266E-6AD0-4C63-9428-7A5E827B6C97}.Release|Win32.Build.0 = Release|Win32
		{75C3D717-9ADB-4FAD-93C1-DBD049B71A82}.Debug|Win32.ActiveCfg = Debug|Win32
		{75C3D717-9ADB-4FAD-93C1-DBD049B71A82}.Debug|Win32.Build.0 = Debug|Win32
		{75C3D717-9ADB-4FAD-93C1-DBD049B71A82}.Release|Win32.ActiveCfg = Release|Win32
		{75C3D717-9ADB-4FAD-93C1-DBD049B71A82}.Release|Win32.Build.0 = Release|Win32
		{07377A84-AA65-446A-A83F-911EC0AB8C91}.Debug|Win32.ActiveCfg = Debug|Win32
		{07377A84-AA65-446A-A83F-911EC0AB8C91}.Debug|Win32.Build.0 = Debug|Win32
		{07377A84-AA65-446A-A83F-911EC0AB8C91}.Release|Win32.ActiveCfg = Release|Win32
		{07377A84-AA65-446A-A83F-911EC0AB8C91}.Release|Win32.Build.0 = Release|Win32
		{07377A84-AA65-446A-A83F-911EC0AB8C92}.Debug|Win32.ActiveCfg = Debug|Win32
		{07377A84-AA65-446A-A83F-911EC0AB8C92}.Debug|Win32.Build.0 = Debug|Win32
		{07377A84-AA65-446A-A83F-911EC0AB8C92}.Release|Win32.ActiveCfg = Release|Win32
		{07377A84-AA65-446A-A83F-911EC0AB8C92}.Release|Win32.Build.0 = Release|Win32
		{C6A5B15C-293C-40CC-9FAE-C3A7A657E12C}.Debug|Win32.ActiveCfg = Debug|Win32
		{C6A5B15C-293C-40CC-9FAE-C3A7A657E12C}.Debug|Win32.Build.0 = Debug|Win32
		{C6A5B15C-293C-40CC-9FAE-C3A7A657E12C}.Release|Win32.ActiveCfg = Release|Win32
		{C6A5B15C-293C-40CC-9FAE-C3A7A657E12C}.Release|Win32.Build.0 = Release|Win32
		{3E69F9FB-B8AE-4202-97B5-E9E2A8C1C083}.Debug|Win32.ActiveCfg = Debug|Win32
		{3E69F9FB-B8AE-4202-97B5-E9E2A8C1C083}.Debug|Win32.Build.0 = Debug|Win32
		{3E69F9FB-B8AE-4202-97B5-E9E2A8C1C083}.Release|Win32.ActiveCfg = Release|Win32
		{3E69F9FB-B8AE-4202-97B5-E9E2A8C1C083}.Release|Win32.Build.0 = Release|Win32
		{473EE8A0-4F58-45E6-946F-4FD11DA610D9}.Debug|Win32.ActiveCfg = Debug|Win32
		{473EE8A0-4F58-45E6-946F-4FD11DA610D9}.Debug|Win32.Build.0 = Debug|Win32
		{473EE8A0-4F58-45E6-946F-4FD11DA610D9}.Release|Win32.ActiveCfg = Release|Win32
		{473EE8A0-4F58-45E6-946F-4FD11DA610D9}.Release|Win32.Build.0 = Release|Win32
		{9223677E-80C6-420E-B400-E720B43CCB78}.Debug|Win32.ActiveCfg = Debug|Win32
		{9223677E-80C6-420E-B400-E720B43CCB78}.Debug|Win32.Build.0 = Debug|Win32
		{9223677E-80C6-420E-B400-E720B43CCB78}.Release|Win32.ActiveCfg = Release|Win32
		{9223677E-80C6-420E-B400-E720B43CCB78}.Release|Win32.Build.0 = Release|Win32
		{6B33E82A-4299-4F3C-A660-E9FFCA311FED}.Debug|Win32.ActiveCfg = Debug|Win32
		{6B33E82A-4299-4F3C-A660-E9FFCA311FED}.Debug|Win32.Build.0 = Debug|Win32
		{6B33E82A-4299-4F3C-A660-E9FFCA311FED}.Release|Win32.ActiveCfg = Release|Win32
		{6B33E82A-4299-4F3C-A660-E9FFCA311FED}.Release|Win32.Build.0 = Release|Win32
		{89B2BD42-B130-4811-9043-71A8EBC40DE5}.Debug|Win32.ActiveCfg = Debug_VC9-UNICODE|Win32
		{89B2BD42-B130-4811-9043-71A8EBC40DE5}.Debug|Win32.Build.0 = Debug_VC9-UNICODE|Win32
		{89B2BD42-B130-4811-9043-71A8EBC40DE5}.Release|Win32.ActiveCfg = Release_VC9-UNICODE|Win32
		{89B2BD42-B130-4811-9043-71A8EBC40DE5}.Release|Win32.Build.0 = Release_VC9-UNICODE|Win32
		{DB69119D-E32D-4FC7-9D68-8592DEC8DA32}.Debug|Win32.ActiveCfg = Debug|Win32
		{DB69119D-E32D-4FC7-9D68-8592DEC8DA32}.Debug|Win32.Build.0 = Debug|Win32
		{DB69119D-E32D-4FC7-9D68-8592DEC8DA32}.Release|Win32.ActiveCfg = Release|Win32
		{DB69119D-E32D-4FC7-9D68-8592DEC8DA32}.Release|Win32.Build.0 = Release|Win32
		{8FD826F8-3739-44E6-8CC8-997122E53B8D}.Debug|Win32.ActiveCfg = Debug|Win32
		{8FD826F8-3739-44E6-8CC8-997122E53B8D}.Debug|Win32.Build.0 = Debug|Win32
		{8FD826F8-3739-44E6-8CC8-997122E53B8D}.Release|Win32.ActiveCfg = Release|Win32
		{8FD826F8-3739-44E6-8CC8-997122E53B8D}.Release|Win32.Build.0 = Release|Win32
		{3B75912A-6B33-4335-A38D-4BBEAC7780DA}.Debug|Win32.ActiveCfg = Debug|Win32
		{3B75912A-6B33-4335-A38D-4BBEAC7780DA}.Debug|Win32.Build.0 = Debug|Win32
		{3B75912A-6B33-4335-A38D-4BBEAC7780DA}.Release|Win32.ActiveCfg = Release|Win32
		{3B75912A-6B33-4335-A38D-4BBEAC7780DA}.Release|Win32.Build.0 = Release|Win32
		{90EEF3AA-A9D6-4C95-BD59-0E79CC4B28EC}.Debug|Win32.ActiveCfg = Debug|Win32
		{90EEF3AA-A9D6-4C95-BD59-0E79CC4B28EC}.Debug|Win32.Build.0 = Debug|Win32
		{90EEF3AA-A9D6-4C95-BD59-0E79CC4B28EC}.Release|Win32.ActiveCfg = Release|Win32
		{90EEF3AA-A9D6-4C95-BD59-0E79CC4B28EC}.Release|Win32.Build.0 = Release|Win32
		{8FD826F8-3739-44E6-8CC8-997122E53B8D}.Debug|Win32.ActiveCfg = Debug|Win32
		{8FD826F8-3739-44E6-8CC8-997122E53B8D}.Debug|Win32.Build.0 = Debug|Win32
		{8FD826F8-3739-44E6-8CC8-997122E53B8D}.Release|Win32.ActiveCfg = Release|Win32
		{8FD826F8-3739-44E6-8CC8-997122E53B8D}.Release|Win32.Build.0 = Release|Win32
		{67A83633-21AE-4BD0-8821-1CE8872AB8D6}.Debug|Win32.ActiveCfg = Debug|Win32
		{67A83633-21AE-4BD0-8821-1CE8872AB8D6}.Debug|Win32.Build.0 = Debug|Win32
		{67A83633-21AE-4BD0-8821-1CE8872AB8D6}.Release|Win32.ActiveCfg = Release|Win32
		{67A83633-21AE-4BD0-8821-1CE8872AB8D6}.Release|Win32.Build.0 = Release|Win32
		{E543A679-98D5-4FDE-BDD9-B026CD9A7745}.Debug|Win32.ActiveCfg = Debug|Win32
		{E543A679-98D5-4FDE-BDD9-B026CD9A7745}.Debug|Win32.Build.0 = Debug|Win32
		{E543A679-98D5-4FDE-BDD9-B026CD9A7745}.Release|Win32.ActiveCfg = Release|Win32
		{E543A679-98D5-4FDE-BDD9-B026CD9A7745}.Release|Win32.Build.0 = Release|Win32
		{502B8271-14F7-46A4-A909-7ED5A2912D82}.Debug|Win32.ActiveCfg = Debug|Win32
		{502B8271-14F7-46A4-A909-7ED5A2912D82}.Debug|Win32.Build.0 = Debug|Win32
		{502B8271-14F7-46A4-A909-7ED5A2912D82}.Release|Win32.ActiveCfg = Release|Win32
		{502B8271-14F7-46A4-A909-7ED5A2912D82}.Release|Win32.Build.0 = Release|Win32
		{07377A84-AA65-446A-A83F-911EC0AB8C93}.Debug|Win32.ActiveCfg = Debug|Win32
		{07377A84-AA65-446A-A83F-911EC0AB8C93}.Debug|Win32.Build.0 = Debug|Win32
		{07377A84-AA65-446A-A83F-911EC0AB8C93}.Release|Win32.ActiveCfg = Release|Win32
		{07377A84-AA65-446A-A83F-911EC0AB8C93}.Release|Win32.Build.0 = Release|Win32
	EndGlobalSection
	GlobalSection(SolutionProperties) = preSolution
		HideSolutionNode = FALSE
	EndGlobalSection
	GlobalSection(NestedProjects) = preSolution
		{C6A5B15C-293C-40CC-9FAE-C3A7A657E12C} = {1EAC9840-B96F-4375-9BD4-111F30272F31}
		{3E69F9FB-B8AE-4202-97B5-E9E2A8C1C083} = {1EAC9840-B96F-4375-9BD4-111F30272F31}
		{473EE8A0-4F58-45E6-946F-4FD11DA610D9} = {1EAC9840-B96F-4375-9BD4-111F30272F31}
		{6B33E82A-4299-4F3C-A660-E9FFCA311FED} = {1EAC9840-B96F-4375-9BD4-111F30272F31}
		{89B2BD42-B130-4811-9043-71A8EBC40DE5} = {1EAC9840-B96F-4375-9BD4-111F30272F31}
		{8FD826F8-3739-44E6-8CC8-997122E53B8D} = {1EAC9840-B96F-4375-9BD4-111F30272F31}
		{3B75912A-6B33-4335-A38D-4BBEAC7780DA} = {1EAC9840-B96F-4375-9BD4-111F30272F31}
		{90EEF3AA-A9D6-4C95-BD59-0E79CC4B28EC} = {1EAC9840-B96F-4375-9BD4-111F30272F31}
		{502B8271-14F7-46A4-A909-7ED5A2912D82} = {1EAC9840-B96F-4375-9BD4-111F30272F31}
	EndGlobalSection
EndGlobal
